
Microsoft Visual Studio Solution File, Format Version 12.00
# Visual Studio Version 17
VisualStudioVersion = 17.11.35327.3
MinimumVisualStudioVersion = 10.0.40219.1
Project("{FAE04EC0-301F-11D3-BF4B-00C04F79EFBC}") = "OOPLab8", "OOPLab8\OOPLab8.csproj", "{83AEADC6-E395-46CF-BA7C-B17268753AFF}"
EndProject
Global
	GlobalSection(SolutionConfigurationPlatforms) = preSolution
		Debug|Any CPU = Debug|Any CPU
		Release|Any CPU = Release|Any CPU
	EndGlobalSection
	GlobalSection(ProjectConfigurationPlatforms) = postSolution
		{83AEADC6-E395-46CF-BA7C-B17268753AFF}.Debug|Any CPU.ActiveCfg = Debug|Any CPU
		{83AEADC6-E395-46CF-BA7C-B17268753AFF}.Debug|Any CPU.Build.0 = Debug|Any CPU
		{83AEADC6-E395-46CF-BA7C-B17268753AFF}.Release|Any CPU.ActiveCfg = Release|Any CPU
		{83AEADC6-E395-46CF-BA7C-B17268753AFF}.Release|Any CPU.Build.0 = Release|Any CPU
	EndGlobalSection
	GlobalSection(SolutionProperties) = preSolution
		HideSolutionNode = FALSE
	EndGlobalSection
	GlobalSection(ExtensibilityGlobals) = postSolution
		SolutionGuid = {7039F0E7-D1BD-4A8E-9D39-D26E59A3F7F6}
	EndGlobalSection
EndGlobal
